<?xml version="1.0" encoding="UTF-8" standalone="yes" ?>
<CodeBlocks_project_file>
	<FileVersion major="1" minor="6" />
	<Project>
		<Option title="Assignment" />
		<Option pch_mode="2" />
		<Option compiler="gcc" />
		<Build>
			<Target title="Debug">
				<Option output="bin/Debug/Assignment" prefix_auto="1" extension_auto="1" />
				<Option object_output="obj/Debug/" />
				<Option type="1" />
				<Option compiler="gcc" />
				<Compiler>
					<Add option="-std=gnu++11" />
					<Add option="-g" />
					<Add directory="include" />
					<Add directory="../../../../../usr/local/include" />
				</Compiler>
				<Linker>
					<Add option="-lpthread" />
					<Add library="../../../../../usr/local/lib/libjsoncpp.a" />
				</Linker>
			</Target>
			<Target title="Release">
				<Option output="bin/Release/Assignment" prefix_auto="1" extension_auto="1" />
				<Option object_output="obj/Release/" />
				<Option type="1" />
				<Option compiler="gcc" />
				<Compiler>
					<Add option="-O2" />
					<Add directory="include" />
				</Compiler>
				<Linker>
					<Add option="-s" />
				</Linker>
			</Target>
		</Build>
		<Compiler>
			<Add option="-Wall" />
			<Add option="-fexceptions" />
		</Compiler>
		<Unit filename="include/input_handle_class.h" />
		<Unit filename="include/process_handler_class.h" />
		<Unit filename="include/process_object_pool_class.h" />
		<Unit filename="main.cpp" />
		<Unit filename="order_property.h">
			<Option target="&lt;{~None~}&gt;" />
		</Unit>
		<Unit filename="src/input_handle_class.cpp" />
		<Unit filename="src/process_handler_class.cpp" />
		<Unit filename="src/process_object_pool_class.cpp" />
		<Unit filename="template.h">
			<Option target="&lt;{~None~}&gt;" />
		</Unit>
		<Extensions>
			<lib_finder disable_auto="1" />
		</Extensions>
	</Project>
</CodeBlocks_project_file>
